
Microsoft Visual Studio Solution File, Format Version 12.00
# Visual Studio Version 16
VisualStudioVersion = 16.0.29215.179
MinimumVisualStudioVersion = 10.0.40219.1
Project("{FAE04EC0-301F-11D3-BF4B-00C04F79EFBC}") = "Github_CloneTest1", "Github_CloneTest1\Github_CloneTest1.csproj", "{2CC0AF26-8604-4244-8524-9E61C9FC859B}"
EndProject
Global
	GlobalSection(SolutionConfigurationPlatforms) = preSolution
		Debug|Any CPU = Debug|Any CPU
		Release|Any CPU = Release|Any CPU
	EndGlobalSection
	GlobalSection(ProjectConfigurationPlatforms) = postSolution
		{2CC0AF26-8604-4244-8524-9E61C9FC859B}.Debug|Any CPU.ActiveCfg = Debug|Any CPU
		{2CC0AF26-8604-4244-8524-9E61C9FC859B}.Debug|Any CPU.Build.0 = Debug|Any CPU
		{2CC0AF26-8604-4244-8524-9E61C9FC859B}.Release|Any CPU.ActiveCfg = Release|Any CPU
		{2CC0AF26-8604-4244-8524-9E61C9FC859B}.Release|Any CPU.Build.0 = Release|Any CPU
	EndGlobalSection
	GlobalSection(SolutionProperties) = preSolution
		HideSolutionNode = FALSE
	EndGlobalSection
	GlobalSection(ExtensibilityGlobals) = postSolution
		SolutionGuid = {BDEA9B23-6DBA-429E-8CD4-A2E1FBF22737}
	EndGlobalSection
EndGlobal
